
Microsoft Visual Studio Solution File, Format Version 12.00
# Visual Studio Version 17
VisualStudioVersion = 17.8.34525.116
MinimumVisualStudioVersion = 10.0.40219.1
Project("{9A19103F-16F7-4668-BE54-9A1E7A4F7556}") = "cinema.Api", "cinema\cinema.Api.csproj", "{24A18C23-5F16-46FA-B5DA-201C5F2E62F0}"
EndProject
Project("{9A19103F-16F7-4668-BE54-9A1E7A4F7556}") = "cinema.Domain", "cinema.Domain\cinema.Domain.csproj", "{3B378497-DF04-47C8-B34D-5DEF1E509B91}"
EndProject
Project("{9A19103F-16F7-4668-BE54-9A1E7A4F7556}") = "cinema.Infrastructure", "Infrastructure\cinema.Infrastructure.csproj", "{A1871826-2182-4BC6-9522-F30649B5B1F4}"
EndProject
Project("{FAE04EC0-301F-11D3-BF4B-00C04F79EFBC}") = "cinema.Application", "cinema.Application\cinema.Application.csproj", "{0B26D53C-7B6F-4C81-B606-F637F2DEA606}"
EndProject
Global
	GlobalSection(SolutionConfigurationPlatforms) = preSolution
		Debug|Any CPU = Debug|Any CPU
		Release|Any CPU = Release|Any CPU
	EndGlobalSection
	GlobalSection(ProjectConfigurationPlatforms) = postSolution
		{24A18C23-5F16-46FA-B5DA-201C5F2E62F0}.Debug|Any CPU.ActiveCfg = Debug|Any CPU
		{24A18C23-5F16-46FA-B5DA-201C5F2E62F0}.Debug|Any CPU.Build.0 = Debug|Any CPU
		{24A18C23-5F16-46FA-B5DA-201C5F2E62F0}.Release|Any CPU.ActiveCfg = Release|Any CPU
		{24A18C23-5F16-46FA-B5DA-201C5F2E62F0}.Release|Any CPU.Build.0 = Release|Any CPU
		{3B378497-DF04-47C8-B34D-5DEF1E509B91}.Debug|Any CPU.ActiveCfg = Debug|Any CPU
		{3B378497-DF04-47C8-B34D-5DEF1E509B91}.Debug|Any CPU.Build.0 = Debug|Any CPU
		{3B378497-DF04-47C8-B34D-5DEF1E509B91}.Release|Any CPU.ActiveCfg = Release|Any CPU
		{3B378497-DF04-47C8-B34D-5DEF1E509B91}.Release|Any CPU.Build.0 = Release|Any CPU
		{A1871826-2182-4BC6-9522-F30649B5B1F4}.Debug|Any CPU.ActiveCfg = Debug|Any CPU
		{A1871826-2182-4BC6-9522-F30649B5B1F4}.Debug|Any CPU.Build.0 = Debug|Any CPU
		{A1871826-2182-4BC6-9522-F30649B5B1F4}.Release|Any CPU.ActiveCfg = Release|Any CPU
		{A1871826-2182-4BC6-9522-F30649B5B1F4}.Release|Any CPU.Build.0 = Release|Any CPU
		{0B26D53C-7B6F-4C81-B606-F637F2DEA606}.Debug|Any CPU.ActiveCfg = Debug|Any CPU
		{0B26D53C-7B6F-4C81-B606-F637F2DEA606}.Debug|Any CPU.Build.0 = Debug|Any CPU
		{0B26D53C-7B6F-4C81-B606-F637F2DEA606}.Release|Any CPU.ActiveCfg = Release|Any CPU
		{0B26D53C-7B6F-4C81-B606-F637F2DEA606}.Release|Any CPU.Build.0 = Release|Any CPU
	EndGlobalSection
	GlobalSection(SolutionProperties) = preSolution
		HideSolutionNode = FALSE
	EndGlobalSection
	GlobalSection(ExtensibilityGlobals) = postSolution
		SolutionGuid = {E2D3BEE7-7577-494A-A5AF-0DF3699CF31C}
	EndGlobalSection
EndGlobal
